
Microsoft Visual Studio Solution File, Format Version 12.00
# Visual Studio Version 17
VisualStudioVersion = 17.11.35312.102
MinimumVisualStudioVersion = 10.0.40219.1
Project("{FAE04EC0-301F-11D3-BF4B-00C04F79EFBC}") = "Server", "Server\Server.csproj", "{42DD8824-1298-4C7C-9CD7-E867DCF7CEF4}"
EndProject
Project("{FAE04EC0-301F-11D3-BF4B-00C04F79EFBC}") = "WinClient", "WinClient\WinClient.csproj", "{813EA0FE-2086-4EFF-88BF-6FA414CCF358}"
EndProject
Global
	GlobalSection(SolutionConfigurationPlatforms) = preSolution
		Debug|Any CPU = Debug|Any CPU
		Release|Any CPU = Release|Any CPU
	EndGlobalSection
	GlobalSection(ProjectConfigurationPlatforms) = postSolution
		{42DD8824-1298-4C7C-9CD7-E867DCF7CEF4}.Debug|Any CPU.ActiveCfg = Debug|Any CPU
		{42DD8824-1298-4C7C-9CD7-E867DCF7CEF4}.Debug|Any CPU.Build.0 = Debug|Any CPU
		{42DD8824-1298-4C7C-9CD7-E867DCF7CEF4}.Release|Any CPU.ActiveCfg = Release|Any CPU
		{42DD8824-1298-4C7C-9CD7-E867DCF7CEF4}.Release|Any CPU.Build.0 = Release|Any CPU
		{813EA0FE-2086-4EFF-88BF-6FA414CCF358}.Debug|Any CPU.ActiveCfg = Debug|Any CPU
		{813EA0FE-2086-4EFF-88BF-6FA414CCF358}.Debug|Any CPU.Build.0 = Debug|Any CPU
		{813EA0FE-2086-4EFF-88BF-6FA414CCF358}.Release|Any CPU.ActiveCfg = Release|Any CPU
		{813EA0FE-2086-4EFF-88BF-6FA414CCF358}.Release|Any CPU.Build.0 = Release|Any CPU
	EndGlobalSection
	GlobalSection(SolutionProperties) = preSolution
		HideSolutionNode = FALSE
	EndGlobalSection
	GlobalSection(ExtensibilityGlobals) = postSolution
		SolutionGuid = {1388E18E-0D29-4CCC-8151-6E81BCB0CB54}
	EndGlobalSection
EndGlobal
